
Microsoft Visual Studio Solution File, Format Version 12.00
# Visual Studio Version 17
VisualStudioVersion = 17.10.34916.146
MinimumVisualStudioVersion = 10.0.40219.1
Project("{FAE04EC0-301F-11D3-BF4B-00C04F79EFBC}") = "CC-Cut-Tool", "CC-Cut-Tool\CC-Cut-Tool.csproj", "{3FA9BD64-933D-4D83-840F-7BF18A676C3D}"
EndProject
Global
	GlobalSection(SolutionConfigurationPlatforms) = preSolution
		Debug|Any CPU = Debug|Any CPU
		Release|Any CPU = Release|Any CPU
	EndGlobalSection
	GlobalSection(ProjectConfigurationPlatforms) = postSolution
		{3FA9BD64-933D-4D83-840F-7BF18A676C3D}.Debug|Any CPU.ActiveCfg = Debug|Any CPU
		{3FA9BD64-933D-4D83-840F-7BF18A676C3D}.Debug|Any CPU.Build.0 = Debug|Any CPU
		{3FA9BD64-933D-4D83-840F-7BF18A676C3D}.Release|Any CPU.ActiveCfg = Release|Any CPU
		{3FA9BD64-933D-4D83-840F-7BF18A676C3D}.Release|Any CPU.Build.0 = Release|Any CPU
	EndGlobalSection
	GlobalSection(SolutionProperties) = preSolution
		HideSolutionNode = FALSE
	EndGlobalSection
	GlobalSection(ExtensibilityGlobals) = postSolution
		SolutionGuid = {866619BD-17E9-4F25-9BAE-F380B7BF32A9}
	EndGlobalSection
EndGlobal
