
Microsoft Visual Studio Solution File, Format Version 12.00
# Visual Studio Version 17
VisualStudioVersion = 17.10.34916.146
MinimumVisualStudioVersion = 10.0.40219.1
Project("{9A19103F-16F7-4668-BE54-9A1E7A4F7556}") = "CC-Cut-Tool", "CC-Cut-Tool\CC-Cut-Tool.csproj", "{3FA9BD64-933D-4D83-840F-7BF18A676C3D}"
EndProject
Project("{9A19103F-16F7-4668-BE54-9A1E7A4F7556}") = "CC-Cut-Tool.Tests", "CC-Cut-Tool.Tests\CC-Cut-Tool.Tests.csproj", "{A09874BF-247B-49A6-B62D-EB452E308956}"
EndProject
Project("{2150E333-8FDC-42A3-9474-1A3956D46DE8}") = "Resources", "Resources", "{3E8EF901-A578-4ADD-91E0-4D421A6596F9}"
	ProjectSection(SolutionItems) = preProject
		fourchords.csv = fourchords.csv
		fourchords.small.csv = fourchords.small.csv
		sample.tsv = sample.tsv
	EndProjectSection
EndProject
Global
	GlobalSection(SolutionConfigurationPlatforms) = preSolution
		Debug|Any CPU = Debug|Any CPU
		Release|Any CPU = Release|Any CPU
	EndGlobalSection
	GlobalSection(ProjectConfigurationPlatforms) = postSolution
		{3FA9BD64-933D-4D83-840F-7BF18A676C3D}.Debug|Any CPU.ActiveCfg = Debug|Any CPU
		{3FA9BD64-933D-4D83-840F-7BF18A676C3D}.Debug|Any CPU.Build.0 = Debug|Any CPU
		{3FA9BD64-933D-4D83-840F-7BF18A676C3D}.Release|Any CPU.ActiveCfg = Release|Any CPU
		{3FA9BD64-933D-4D83-840F-7BF18A676C3D}.Release|Any CPU.Build.0 = Release|Any CPU
		{A09874BF-247B-49A6-B62D-EB452E308956}.Debug|Any CPU.ActiveCfg = Debug|Any CPU
		{A09874BF-247B-49A6-B62D-EB452E308956}.Debug|Any CPU.Build.0 = Debug|Any CPU
		{A09874BF-247B-49A6-B62D-EB452E308956}.Release|Any CPU.ActiveCfg = Release|Any CPU
		{A09874BF-247B-49A6-B62D-EB452E308956}.Release|Any CPU.Build.0 = Release|Any CPU
	EndGlobalSection
	GlobalSection(SolutionProperties) = preSolution
		HideSolutionNode = FALSE
	EndGlobalSection
	GlobalSection(ExtensibilityGlobals) = postSolution
		SolutionGuid = {866619BD-17E9-4F25-9BAE-F380B7BF32A9}
	EndGlobalSection
EndGlobal
